// !$*UTF8*$!
{
	archiveVersion = 1;
	classes = {
	};
	objectVersion = 55;
	objects = {

/* Begin PBXBuildFile section */
		2DDA049028958230008A2F96 /* presentation.h in Headers */ = {isa = PBXBuildFile; fileRef = 2DDA048F28958230008A2F96 /* presentation.h */; settings = {ATTRIBUTES = (Public, ); }; };
		2DDA050E289583F4008A2F96 /* FirstViewController.swift in Sources */ = {isa = PBXBuildFile; fileRef = 2DDA050D289583F4008A2F96 /* FirstViewController.swift */; };
		2DDA05112895842B008A2F96 /* domain.framework in Frameworks */ = {isa = PBXBuildFile; fileRef = 2DDA05102895842B008A2F96 /* domain.framework */; };
		2DDA05122895842B008A2F96 /* domain.framework in Embed Frameworks */ = {isa = PBXBuildFile; fileRef = 2DDA05102895842B008A2F96 /* domain.framework */; settings = {ATTRIBUTES = (CodeSignOnCopy, RemoveHeadersOnCopy, ); }; };
		2DDA051C28958457008A2F96 /* Media.xcassets in Resources */ = {isa = PBXBuildFile; fileRef = 2DDA051B28958457008A2F96 /* Media.xcassets */; };
		2DDA053328958762008A2F96 /* SnapKit in Frameworks */ = {isa = PBXBuildFile; productRef = 2DDA053228958762008A2F96 /* SnapKit */; };
		2DDA0542289589D4008A2F96 /* FirstViewModel.swift in Sources */ = {isa = PBXBuildFile; fileRef = 2DDA0541289589D4008A2F96 /* FirstViewModel.swift */; };
		2DDA054528958C2B008A2F96 /* PresentationAssembly.swift in Sources */ = {isa = PBXBuildFile; fileRef = 2DDA054428958C2B008A2F96 /* PresentationAssembly.swift */; };
		2DDA054E28958D64008A2F96 /* BaseViewController.swift in Sources */ = {isa = PBXBuildFile; fileRef = 2DDA054D28958D64008A2F96 /* BaseViewController.swift */; };
		2DDA055028958D86008A2F96 /* Router.swift in Sources */ = {isa = PBXBuildFile; fileRef = 2DDA054F28958D86008A2F96 /* Router.swift */; };
/* End PBXBuildFile section */

/* Begin PBXCopyFilesBuildPhase section */
		2DDA05132895842B008A2F96 /* Embed Frameworks */ = {
			isa = PBXCopyFilesBuildPhase;
			buildActionMask = 2147483647;
			dstPath = "";
			dstSubfolderSpec = 10;
			files = (
				2DDA05122895842B008A2F96 /* domain.framework in Embed Frameworks */,
			);
			name = "Embed Frameworks";
			runOnlyForDeploymentPostprocessing = 0;
		};
/* End PBXCopyFilesBuildPhase section */

/* Begin PBXFileReference section */
		2DDA048C28958230008A2F96 /* presentation.framework */ = {isa = PBXFileReference; explicitFileType = wrapper.framework; includeInIndex = 0; path = presentation.framework; sourceTree = BUILT_PRODUCTS_DIR; };
		2DDA048F28958230008A2F96 /* presentation.h */ = {isa = PBXFileReference; lastKnownFileType = sourcecode.c.h; path = presentation.h; sourceTree = "<group>"; };
		2DDA050D289583F4008A2F96 /* FirstViewController.swift */ = {isa = PBXFileReference; lastKnownFileType = sourcecode.swift; path = FirstViewController.swift; sourceTree = "<group>"; };
		2DDA05102895842B008A2F96 /* domain.framework */ = {isa = PBXFileReference; explicitFileType = wrapper.framework; path = domain.framework; sourceTree = BUILT_PRODUCTS_DIR; };
		2DDA051B28958457008A2F96 /* Media.xcassets */ = {isa = PBXFileReference; lastKnownFileType = folder.assetcatalog; path = Media.xcassets; sourceTree = "<group>"; };
		2DDA0541289589D4008A2F96 /* FirstViewModel.swift */ = {isa = PBXFileReference; lastKnownFileType = sourcecode.swift; path = FirstViewModel.swift; sourceTree = "<group>"; };
		2DDA054428958C2B008A2F96 /* PresentationAssembly.swift */ = {isa = PBXFileReference; lastKnownFileType = sourcecode.swift; path = PresentationAssembly.swift; sourceTree = "<group>"; };
		2DDA054D28958D64008A2F96 /* BaseViewController.swift */ = {isa = PBXFileReference; lastKnownFileType = sourcecode.swift; path = BaseViewController.swift; sourceTree = "<group>"; };
		2DDA054F28958D86008A2F96 /* Router.swift */ = {isa = PBXFileReference; lastKnownFileType = sourcecode.swift; path = Router.swift; sourceTree = "<group>"; };
/* End PBXFileReference section */

/* Begin PBXFrameworksBuildPhase section */
		2DDA048928958230008A2F96 /* Frameworks */ = {
			isa = PBXFrameworksBuildPhase;
			buildActionMask = 2147483647;
			files = (
				2DDA05112895842B008A2F96 /* domain.framework in Frameworks */,
				2DDA053328958762008A2F96 /* SnapKit in Frameworks */,
			);
			runOnlyForDeploymentPostprocessing = 0;
		};
/* End PBXFrameworksBuildPhase section */

/* Begin PBXGroup section */
		2DDA048228958230008A2F96 = {
			isa = PBXGroup;
			children = (
				2DDA054328958C1B008A2F96 /* DI */,
				2DDA051A2895844A008A2F96 /* Assets */,
				2DDA050C289583DD008A2F96 /* View controllers */,
				2DDA048E28958230008A2F96 /* presentation */,
				2DDA048D28958230008A2F96 /* Products */,
				2DDA050F2895842B008A2F96 /* Frameworks */,
			);
			sourceTree = "<group>";
		};
		2DDA048D28958230008A2F96 /* Products */ = {
			isa = PBXGroup;
			children = (
				2DDA048C28958230008A2F96 /* presentation.framework */,
			);
			name = Products;
			sourceTree = "<group>";
		};
		2DDA048E28958230008A2F96 /* presentation */ = {
			isa = PBXGroup;
			children = (
				2DDA048F28958230008A2F96 /* presentation.h */,
			);
			path = presentation;
			sourceTree = "<group>";
		};
		2DDA050C289583DD008A2F96 /* View controllers */ = {
			isa = PBXGroup;
			children = (
				2DDA050D289583F4008A2F96 /* FirstViewController.swift */,
				2DDA0541289589D4008A2F96 /* FirstViewModel.swift */,
				2DDA054D28958D64008A2F96 /* BaseViewController.swift */,
				2DDA054F28958D86008A2F96 /* Router.swift */,
			);
			path = "View controllers";
			sourceTree = "<group>";
		};
		2DDA050F2895842B008A2F96 /* Frameworks */ = {
			isa = PBXGroup;
			children = (
				2DDA05102895842B008A2F96 /* domain.framework */,
			);
			name = Frameworks;
			sourceTree = "<group>";
		};
		2DDA051A2895844A008A2F96 /* Assets */ = {
			isa = PBXGroup;
			children = (
				2DDA051B28958457008A2F96 /* Media.xcassets */,
			);
			path = Assets;
			sourceTree = "<group>";
		};
		2DDA054328958C1B008A2F96 /* DI */ = {
			isa = PBXGroup;
			children = (
				2DDA054428958C2B008A2F96 /* PresentationAssembly.swift */,
			);
			path = DI;
			sourceTree = "<group>";
		};
/* End PBXGroup section */

/* Begin PBXHeadersBuildPhase section */
		2DDA048728958230008A2F96 /* Headers */ = {
			isa = PBXHeadersBuildPhase;
			buildActionMask = 2147483647;
			files = (
				2DDA049028958230008A2F96 /* presentation.h in Headers */,
			);
			runOnlyForDeploymentPostprocessing = 0;
		};
/* End PBXHeadersBuildPhase section */

/* Begin PBXNativeTarget section */
		2DDA048B28958230008A2F96 /* presentation */ = {
			isa = PBXNativeTarget;
			buildConfigurationList = 2DDA049328958230008A2F96 /* Build configuration list for PBXNativeTarget "presentation" */;
			buildPhases = (
				2DDA048728958230008A2F96 /* Headers */,
				2DDA048828958230008A2F96 /* Sources */,
				2DDA048928958230008A2F96 /* Frameworks */,
				2DDA048A28958230008A2F96 /* Resources */,
				2DDA05132895842B008A2F96 /* Embed Frameworks */,
			);
			buildRules = (
			);
			dependencies = (
			);
			name = presentation;
			packageProductDependencies = (
				2DDA053228958762008A2F96 /* SnapKit */,
			);
			productName = presentation;
			productReference = 2DDA048C28958230008A2F96 /* presentation.framework */;
			productType = "com.apple.product-type.framework";
		};
/* End PBXNativeTarget section */

/* Begin PBXProject section */
		2DDA048328958230008A2F96 /* Project object */ = {
			isa = PBXProject;
			attributes = {
				BuildIndependentTargetsInParallel = 1;
				LastUpgradeCheck = 1340;
				TargetAttributes = {
					2DDA048B28958230008A2F96 = {
						CreatedOnToolsVersion = 13.4.1;
						LastSwiftMigration = 1340;
					};
				};
			};
			buildConfigurationList = 2DDA048628958230008A2F96 /* Build configuration list for PBXProject "presentation" */;
			compatibilityVersion = "Xcode 13.0";
			developmentRegion = en;
			hasScannedForEncodings = 0;
			knownRegions = (
				en,
				Base,
			);
			mainGroup = 2DDA048228958230008A2F96;
			packageReferences = (
				2DDA053128958762008A2F96 /* XCRemoteSwiftPackageReference "SnapKit" */,
			);
			productRefGroup = 2DDA048D28958230008A2F96 /* Products */;
			projectDirPath = "";
			projectRoot = "";
			targets = (
				2DDA048B28958230008A2F96 /* presentation */,
			);
		};
/* End PBXProject section */

/* Begin PBXResourcesBuildPhase section */
		2DDA048A28958230008A2F96 /* Resources */ = {
			isa = PBXResourcesBuildPhase;
			buildActionMask = 2147483647;
			files = (
				2DDA051C28958457008A2F96 /* Media.xcassets in Resources */,
			);
			runOnlyForDeploymentPostprocessing = 0;
		};
/* End PBXResourcesBuildPhase section */

/* Begin PBXSourcesBuildPhase section */
		2DDA048828958230008A2F96 /* Sources */ = {
			isa = PBXSourcesBuildPhase;
			buildActionMask = 2147483647;
			files = (
				2DDA054528958C2B008A2F96 /* PresentationAssembly.swift in Sources */,
				2DDA054E28958D64008A2F96 /* BaseViewController.swift in Sources */,
				2DDA055028958D86008A2F96 /* Router.swift in Sources */,
				2DDA050E289583F4008A2F96 /* FirstViewController.swift in Sources */,
				2DDA0542289589D4008A2F96 /* FirstViewModel.swift in Sources */,
			);
			runOnlyForDeploymentPostprocessing = 0;
		};
/* End PBXSourcesBuildPhase section */

/* Begin XCBuildConfiguration section */
		2DDA049128958230008A2F96 /* Debug */ = {
			isa = XCBuildConfiguration;
			buildSettings = {
				ALWAYS_SEARCH_USER_PATHS = NO;
				CLANG_ANALYZER_NONNULL = YES;
				CLANG_ANALYZER_NUMBER_OBJECT_CONVERSION = YES_AGGRESSIVE;
				CLANG_CXX_LANGUAGE_STANDARD = "gnu++17";
				CLANG_ENABLE_MODULES = YES;
				CLANG_ENABLE_OBJC_ARC = YES;
				CLANG_ENABLE_OBJC_WEAK = YES;
				CLANG_WARN_BLOCK_CAPTURE_AUTORELEASING = YES;
				CLANG_WARN_BOOL_CONVERSION = YES;
				CLANG_WARN_COMMA = YES;
				CLANG_WARN_CONSTANT_CONVERSION = YES;
				CLANG_WARN_DEPRECATED_OBJC_IMPLEMENTATIONS = YES;
				CLANG_WARN_DIRECT_OBJC_ISA_USAGE = YES_ERROR;
				CLANG_WARN_DOCUMENTATION_COMMENTS = YES;
				CLANG_WARN_EMPTY_BODY = YES;
				CLANG_WARN_ENUM_CONVERSION = YES;
				CLANG_WARN_INFINITE_RECURSION = YES;
				CLANG_WARN_INT_CONVERSION = YES;
				CLANG_WARN_NON_LITERAL_NULL_CONVERSION = YES;
				CLANG_WARN_OBJC_IMPLICIT_RETAIN_SELF = YES;
				CLANG_WARN_OBJC_LITERAL_CONVERSION = YES;
				CLANG_WARN_OBJC_ROOT_CLASS = YES_ERROR;
				CLANG_WARN_QUOTED_INCLUDE_IN_FRAMEWORK_HEADER = YES;
				CLANG_WARN_RANGE_LOOP_ANALYSIS = YES;
				CLANG_WARN_STRICT_PROTOTYPES = YES;
				CLANG_WARN_SUSPICIOUS_MOVE = YES;
				CLANG_WARN_UNGUARDED_AVAILABILITY = YES_AGGRESSIVE;
				CLANG_WARN_UNREACHABLE_CODE = YES;
				CLANG_WARN__DUPLICATE_METHOD_MATCH = YES;
				COPY_PHASE_STRIP = NO;
				CURRENT_PROJECT_VERSION = 1;
				DEBUG_INFORMATION_FORMAT = dwarf;
				ENABLE_STRICT_OBJC_MSGSEND = YES;
				ENABLE_TESTABILITY = YES;
				GCC_C_LANGUAGE_STANDARD = gnu11;
				GCC_DYNAMIC_NO_PIC = NO;
				GCC_NO_COMMON_BLOCKS = YES;
				GCC_OPTIMIZATION_LEVEL = 0;
				GCC_PREPROCESSOR_DEFINITIONS = (
					"DEBUG=1",
					"$(inherited)",
				);
				GCC_WARN_64_TO_32_BIT_CONVERSION = YES;
				GCC_WARN_ABOUT_RETURN_TYPE = YES_ERROR;
				GCC_WARN_UNDECLARED_SELECTOR = YES;
				GCC_WARN_UNINITIALIZED_AUTOS = YES_AGGRESSIVE;
				GCC_WARN_UNUSED_FUNCTION = YES;
				GCC_WARN_UNUSED_VARIABLE = YES;
				IPHONEOS_DEPLOYMENT_TARGET = 14.0;
				MTL_ENABLE_DEBUG_INFO = INCLUDE_SOURCE;
				MTL_FAST_MATH = YES;
				ONLY_ACTIVE_ARCH = YES;
				SDKROOT = iphoneos;
				SWIFT_ACTIVE_COMPILATION_CONDITIONS = DEBUG;
				SWIFT_OPTIMIZATION_LEVEL = "-Onone";
				VERSIONING_SYSTEM = "apple-generic";
				VERSION_INFO_PREFIX = "";
			};
			name = Debug;
		};
		2DDA049228958230008A2F96 /* Release */ = {
			isa = XCBuildConfiguration;
			buildSettings = {
				ALWAYS_SEARCH_USER_PATHS = NO;
				CLANG_ANALYZER_NONNULL = YES;
				CLANG_ANALYZER_NUMBER_OBJECT_CONVERSION = YES_AGGRESSIVE;
				CLANG_CXX_LANGUAGE_STANDARD = "gnu++17";
				CLANG_ENABLE_MODULES = YES;
				CLANG_ENABLE_OBJC_ARC = YES;
				CLANG_ENABLE_OBJC_WEAK = YES;
				CLANG_WARN_BLOCK_CAPTURE_AUTORELEASING = YES;
				CLANG_WARN_BOOL_CONVERSION = YES;
				CLANG_WARN_COMMA = YES;
				CLANG_WARN_CONSTANT_CONVERSION = YES;
				CLANG_WARN_DEPRECATED_OBJC_IMPLEMENTATIONS = YES;
				CLANG_WARN_DIRECT_OBJC_ISA_USAGE = YES_ERROR;
				CLANG_WARN_DOCUMENTATION_COMMENTS = YES;
				CLANG_WARN_EMPTY_BODY = YES;
				CLANG_WARN_ENUM_CONVERSION = YES;
				CLANG_WARN_INFINITE_RECURSION = YES;
				CLANG_WARN_INT_CONVERSION = YES;
				CLANG_WARN_NON_LITERAL_NULL_CONVERSION = YES;
				CLANG_WARN_OBJC_IMPLICIT_RETAIN_SELF = YES;
				CLANG_WARN_OBJC_LITERAL_CONVERSION = YES;
				CLANG_WARN_OBJC_ROOT_CLASS = YES_ERROR;
				CLANG_WARN_QUOTED_INCLUDE_IN_FRAMEWORK_HEADER = YES;
				CLANG_WARN_RANGE_LOOP_ANALYSIS = YES;
				CLANG_WARN_STRICT_PROTOTYPES = YES;
				CLANG_WARN_SUSPICIOUS_MOVE = YES;
				CLANG_WARN_UNGUARDED_AVAILABILITY = YES_AGGRESSIVE;
				CLANG_WARN_UNREACHABLE_CODE = YES;
				CLANG_WARN__DUPLICATE_METHOD_MATCH = YES;
				COPY_PHASE_STRIP = NO;
				CURRENT_PROJECT_VERSION = 1;
				DEBUG_INFORMATION_FORMAT = "dwarf-with-dsym";
				ENABLE_NS_ASSERTIONS = NO;
				ENABLE_STRICT_OBJC_MSGSEND = YES;
				GCC_C_LANGUAGE_STANDARD = gnu11;
				GCC_NO_COMMON_BLOCKS = YES;
				GCC_WARN_64_TO_32_BIT_CONVERSION = YES;
				GCC_WARN_ABOUT_RETURN_TYPE = YES_ERROR;
				GCC_WARN_UNDECLARED_SELECTOR = YES;
				GCC_WARN_UNINITIALIZED_AUTOS = YES_AGGRESSIVE;
				GCC_WARN_UNUSED_FUNCTION = YES;
				GCC_WARN_UNUSED_VARIABLE = YES;
				IPHONEOS_DEPLOYMENT_TARGET = 14.0;
				MTL_ENABLE_DEBUG_INFO = NO;
				MTL_FAST_MATH = YES;
				SDKROOT = iphoneos;
				SWIFT_COMPILATION_MODE = wholemodule;
				SWIFT_OPTIMIZATION_LEVEL = "-O";
				VALIDATE_PRODUCT = YES;
				VERSIONING_SYSTEM = "apple-generic";
				VERSION_INFO_PREFIX = "";
			};
			name = Release;
		};
		2DDA049428958230008A2F96 /* Debug */ = {
			isa = XCBuildConfiguration;
			buildSettings = {
				CLANG_ENABLE_MODULES = YES;
				CODE_SIGN_STYLE = Automatic;
				CURRENT_PROJECT_VERSION = 1;
				DEFINES_MODULE = YES;
				DYLIB_COMPATIBILITY_VERSION = 1;
				DYLIB_CURRENT_VERSION = 1;
				DYLIB_INSTALL_NAME_BASE = "@rpath";
				GENERATE_INFOPLIST_FILE = YES;
				INFOPLIST_KEY_NSHumanReadableCopyright = "";
				INSTALL_PATH = "$(LOCAL_LIBRARY_DIR)/Frameworks";
				IPHONEOS_DEPLOYMENT_TARGET = 14.0;
				LD_RUNPATH_SEARCH_PATHS = (
					"$(inherited)",
					"@executable_path/Frameworks",
					"@loader_path/Frameworks",
				);
				MARKETING_VERSION = 1.0;
				PRODUCT_BUNDLE_IDENTIFIER = iatc.ios.presentation;
				PRODUCT_NAME = "$(TARGET_NAME:c99extidentifier)";
				SKIP_INSTALL = YES;
				SUPPORTS_MACCATALYST = NO;
				SWIFT_EMIT_LOC_STRINGS = YES;
				SWIFT_OPTIMIZATION_LEVEL = "-Onone";
				SWIFT_VERSION = 5.0;
				TARGETED_DEVICE_FAMILY = 1;
			};
			name = Debug;
		};
		2DDA049528958230008A2F96 /* Release */ = {
			isa = XCBuildConfiguration;
			buildSettings = {
				CLANG_ENABLE_MODULES = YES;
				CODE_SIGN_STYLE = Automatic;
				CURRENT_PROJECT_VERSION = 1;
				DEFINES_MODULE = YES;
				DYLIB_COMPATIBILITY_VERSION = 1;
				DYLIB_CURRENT_VERSION = 1;
				DYLIB_INSTALL_NAME_BASE = "@rpath";
				GENERATE_INFOPLIST_FILE = YES;
				INFOPLIST_KEY_NSHumanReadableCopyright = "";
				INSTALL_PATH = "$(LOCAL_LIBRARY_DIR)/Frameworks";
				IPHONEOS_DEPLOYMENT_TARGET = 14.0;
				LD_RUNPATH_SEARCH_PATHS = (
					"$(inherited)",
					"@executable_path/Frameworks",
					"@loader_path/Frameworks",
				);
				MARKETING_VERSION = 1.0;
				PRODUCT_BUNDLE_IDENTIFIER = iatc.ios.presentation;
				PRODUCT_NAME = "$(TARGET_NAME:c99extidentifier)";
				SKIP_INSTALL = YES;
				SUPPORTS_MACCATALYST = NO;
				SWIFT_EMIT_LOC_STRINGS = YES;
				SWIFT_VERSION = 5.0;
				TARGETED_DEVICE_FAMILY = 1;
			};
			name = Release;
		};
/* End XCBuildConfiguration section */

/* Begin XCConfigurationList section */
		2DDA048628958230008A2F96 /* Build configuration list for PBXProject "presentation" */ = {
			isa = XCConfigurationList;
			buildConfigurations = (
				2DDA049128958230008A2F96 /* Debug */,
				2DDA049228958230008A2F96 /* Release */,
			);
			defaultConfigurationIsVisible = 0;
			defaultConfigurationName = Release;
		};
		2DDA049328958230008A2F96 /* Build configuration list for PBXNativeTarget "presentation" */ = {
			isa = XCConfigurationList;
			buildConfigurations = (
				2DDA049428958230008A2F96 /* Debug */,
				2DDA049528958230008A2F96 /* Release */,
			);
			defaultConfigurationIsVisible = 0;
			defaultConfigurationName = Release;
		};
/* End XCConfigurationList section */

/* Begin XCRemoteSwiftPackageReference section */
		2DDA053128958762008A2F96 /* XCRemoteSwiftPackageReference "SnapKit" */ = {
			isa = XCRemoteSwiftPackageReference;
			repositoryURL = "https://github.com/SnapKit/SnapKit";
			requirement = {
				branch = develop;
				kind = branch;
			};
		};
/* End XCRemoteSwiftPackageReference section */

/* Begin XCSwiftPackageProductDependency section */
		2DDA053228958762008A2F96 /* SnapKit */ = {
			isa = XCSwiftPackageProductDependency;
			package = 2DDA053128958762008A2F96 /* XCRemoteSwiftPackageReference "SnapKit" */;
			productName = SnapKit;
		};
/* End XCSwiftPackageProductDependency section */
	};
	rootObject = 2DDA048328958230008A2F96 /* Project object */;
}
